
Microsoft Visual Studio Solution File, Format Version 12.00
# Visual Studio Version 17
VisualStudioVersion = 17.1.32414.318
MinimumVisualStudioVersion = 10.0.40219.1
Project("{FAE04EC0-301F-11D3-BF4B-00C04F79EFBC}") = "GörselProğ", "GörselProğ.csproj", "{4336F1A1-E8C3-41B4-8D42-86B563C9B3C3}"
EndProject
Global
	GlobalSection(SolutionConfigurationPlatforms) = preSolution
		Debug|Any CPU = Debug|Any CPU
		Release|Any CPU = Release|Any CPU
	EndGlobalSection
	GlobalSection(ProjectConfigurationPlatforms) = postSolution
		{4336F1A1-E8C3-41B4-8D42-86B563C9B3C3}.Debug|Any CPU.ActiveCfg = Debug|Any CPU
		{4336F1A1-E8C3-41B4-8D42-86B563C9B3C3}.Debug|Any CPU.Build.0 = Debug|Any CPU
		{4336F1A1-E8C3-41B4-8D42-86B563C9B3C3}.Release|Any CPU.ActiveCfg = Release|Any CPU
		{4336F1A1-E8C3-41B4-8D42-86B563C9B3C3}.Release|Any CPU.Build.0 = Release|Any CPU
	EndGlobalSection
	GlobalSection(SolutionProperties) = preSolution
		HideSolutionNode = FALSE
	EndGlobalSection
	GlobalSection(ExtensibilityGlobals) = postSolution
		SolutionGuid = {2094939E-1A04-47A2-BD1E-073829F1F2A3}
	EndGlobalSection
EndGlobal
